
Microsoft Visual Studio Solution File, Format Version 12.00
# Visual Studio 15
VisualStudioVersion = 15.0.27428.2037
MinimumVisualStudioVersion = 10.0.40219.1
Project("{FAE04EC0-301F-11D3-BF4B-00C04F79EFBC}") = "Client", "Client\Client.csproj", "{8376C499-2488-4C85-8876-08F9F1BEBAB9}"
EndProject
Project("{FAE04EC0-301F-11D3-BF4B-00C04F79EFBC}") = "Model", "Model\Model.csproj", "{193EC575-133A-4432-AABD-0EA59B4D64F3}"
EndProject
Project("{FAE04EC0-301F-11D3-BF4B-00C04F79EFBC}") = "DynamicSystem", "DynamicSystem\DynamicSystem.csproj", "{A36BB37A-5B7E-45A5-8DB6-0644599CF9BA}"
EndProject
Global
	GlobalSection(SolutionConfigurationPlatforms) = preSolution
		Debug|Any CPU = Debug|Any CPU
		Release|Any CPU = Release|Any CPU
	EndGlobalSection
	GlobalSection(ProjectConfigurationPlatforms) = postSolution
		{8376C499-2488-4C85-8876-08F9F1BEBAB9}.Debug|Any CPU.ActiveCfg = Debug|Any CPU
		{8376C499-2488-4C85-8876-08F9F1BEBAB9}.Debug|Any CPU.Build.0 = Debug|Any CPU
		{8376C499-2488-4C85-8876-08F9F1BEBAB9}.Release|Any CPU.ActiveCfg = Release|Any CPU
		{8376C499-2488-4C85-8876-08F9F1BEBAB9}.Release|Any CPU.Build.0 = Release|Any CPU
		{193EC575-133A-4432-AABD-0EA59B4D64F3}.Debug|Any CPU.ActiveCfg = Debug|Any CPU
		{193EC575-133A-4432-AABD-0EA59B4D64F3}.Debug|Any CPU.Build.0 = Debug|Any CPU
		{193EC575-133A-4432-AABD-0EA59B4D64F3}.Release|Any CPU.ActiveCfg = Release|Any CPU
		{193EC575-133A-4432-AABD-0EA59B4D64F3}.Release|Any CPU.Build.0 = Release|Any CPU
		{A36BB37A-5B7E-45A5-8DB6-0644599CF9BA}.Debug|Any CPU.ActiveCfg = Debug|Any CPU
		{A36BB37A-5B7E-45A5-8DB6-0644599CF9BA}.Debug|Any CPU.Build.0 = Debug|Any CPU
		{A36BB37A-5B7E-45A5-8DB6-0644599CF9BA}.Release|Any CPU.ActiveCfg = Release|Any CPU
		{A36BB37A-5B7E-45A5-8DB6-0644599CF9BA}.Release|Any CPU.Build.0 = Release|Any CPU
	EndGlobalSection
	GlobalSection(SolutionProperties) = preSolution
		HideSolutionNode = FALSE
	EndGlobalSection
	GlobalSection(ExtensibilityGlobals) = postSolution
		SolutionGuid = {36E1BE50-48DE-4308-9101-870B57E6FCB5}
	EndGlobalSection
EndGlobal
